
Microsoft Visual Studio Solution File, Format Version 12.00
# Visual Studio 15
VisualStudioVersion = 15.0.28307.168
MinimumVisualStudioVersion = 10.0.40219.1
Project("{FAE04EC0-301F-11D3-BF4B-00C04F79EFBC}") = "RideSidekick.Android", "RideSidekick\RideSidekick.Android\RideSidekick.Android.csproj", "{DB987A84-E0F0-47A4-B1D0-CE2EFCCE8792}"
EndProject
Project("{FAE04EC0-301F-11D3-BF4B-00C04F79EFBC}") = "RideSidekick.iOS", "RideSidekick\RideSidekick.iOS\RideSidekick.iOS.csproj", "{BD08B372-175F-455F-91EE-8E6615F22EC3}"
EndProject
Project("{FAE04EC0-301F-11D3-BF4B-00C04F79EFBC}") = "RideSidekick.UWP", "RideSidekick\RideSidekick.UWP\RideSidekick.UWP.csproj", "{4BA9746C-2428-46BC-8F1D-75E7D07EF3B4}"
EndProject
Project("{FAE04EC0-301F-11D3-BF4B-00C04F79EFBC}") = "RideSidekick", "RideSidekick\RideSidekick\RideSidekick.csproj", "{F6BCA48A-996A-4872-887F-467398F6E219}"
EndProject
Global
	GlobalSection(SolutionConfigurationPlatforms) = preSolution
		Ad-Hoc|Any CPU = Ad-Hoc|Any CPU
		Ad-Hoc|ARM = Ad-Hoc|ARM
		Ad-Hoc|iPhone = Ad-Hoc|iPhone
		Ad-Hoc|iPhoneSimulator = Ad-Hoc|iPhoneSimulator
		Ad-Hoc|x64 = Ad-Hoc|x64
		Ad-Hoc|x86 = Ad-Hoc|x86
		AppStore|Any CPU = AppStore|Any CPU
		AppStore|ARM = AppStore|ARM
		AppStore|iPhone = AppStore|iPhone
		AppStore|iPhoneSimulator = AppStore|iPhoneSimulator
		AppStore|x64 = AppStore|x64
		AppStore|x86 = AppStore|x86
		Debug|Any CPU = Debug|Any CPU
		Debug|ARM = Debug|ARM
		Debug|iPhone = Debug|iPhone
		Debug|iPhoneSimulator = Debug|iPhoneSimulator
		Debug|x64 = Debug|x64
		Debug|x86 = Debug|x86
		Release|Any CPU = Release|Any CPU
		Release|ARM = Release|ARM
		Release|iPhone = Release|iPhone
		Release|iPhoneSimulator = Release|iPhoneSimulator
		Release|x64 = Release|x64
		Release|x86 = Release|x86
	EndGlobalSection
	GlobalSection(ProjectConfigurationPlatforms) = postSolution
		{DB987A84-E0F0-47A4-B1D0-CE2EFCCE8792}.Ad-Hoc|Any CPU.ActiveCfg = Release|Any CPU
		{DB987A84-E0F0-47A4-B1D0-CE2EFCCE8792}.Ad-Hoc|Any CPU.Build.0 = Release|Any CPU
		{DB987A84-E0F0-47A4-B1D0-CE2EFCCE8792}.Ad-Hoc|Any CPU.Deploy.0 = Release|Any CPU
		{DB987A84-E0F0-47A4-B1D0-CE2EFCCE8792}.Ad-Hoc|ARM.ActiveCfg = Release|Any CPU
		{DB987A84-E0F0-47A4-B1D0-CE2EFCCE8792}.Ad-Hoc|ARM.Build.0 = Release|Any CPU
		{DB987A84-E0F0-47A4-B1D0-CE2EFCCE8792}.Ad-Hoc|ARM.Deploy.0 = Release|Any CPU
		{DB987A84-E0F0-47A4-B1D0-CE2EFCCE8792}.Ad-Hoc|iPhone.ActiveCfg = Release|Any CPU
		{DB987A84-E0F0-47A4-B1D0-CE2EFCCE8792}.Ad-Hoc|iPhone.Build.0 = Release|Any CPU
		{DB987A84-E0F0-47A4-B1D0-CE2EFCCE8792}.Ad-Hoc|iPhone.Deploy.0 = Release|Any CPU
		{DB987A84-E0F0-47A4-B1D0-CE2EFCCE8792}.Ad-Hoc|iPhoneSimulator.ActiveCfg = Release|Any CPU
		{DB987A84-E0F0-47A4-B1D0-CE2EFCCE8792}.Ad-Hoc|iPhoneSimulator.Build.0 = Release|Any CPU
		{DB987A84-E0F0-47A4-B1D0-CE2EFCCE8792}.Ad-Hoc|iPhoneSimulator.Deploy.0 = Release|Any CPU
		{DB987A84-E0F0-47A4-B1D0-CE2EFCCE8792}.Ad-Hoc|x64.ActiveCfg = Release|Any CPU
		{DB987A84-E0F0-47A4-B1D0-CE2EFCCE8792}.Ad-Hoc|x64.Build.0 = Release|Any CPU
		{DB987A84-E0F0-47A4-B1D0-CE2EFCCE8792}.Ad-Hoc|x64.Deploy.0 = Release|Any CPU
		{DB987A84-E0F0-47A4-B1D0-CE2EFCCE8792}.Ad-Hoc|x86.ActiveCfg = Release|Any CPU
		{DB987A84-E0F0-47A4-B1D0-CE2EFCCE8792}.Ad-Hoc|x86.Build.0 = Release|Any CPU
		{DB987A84-E0F0-47A4-B1D0-CE2EFCCE8792}.Ad-Hoc|x86.Deploy.0 = Release|Any CPU
		{DB987A84-E0F0-47A4-B1D0-CE2EFCCE8792}.AppStore|Any CPU.ActiveCfg = Release|Any CPU
		{DB987A84-E0F0-47A4-B1D0-CE2EFCCE8792}.AppStore|Any CPU.Build.0 = Release|Any CPU
		{DB987A84-E0F0-47A4-B1D0-CE2EFCCE8792}.AppStore|Any CPU.Deploy.0 = Release|Any CPU
		{DB987A84-E0F0-47A4-B1D0-CE2EFCCE8792}.AppStore|ARM.ActiveCfg = Release|Any CPU
		{DB987A84-E0F0-47A4-B1D0-CE2EFCCE8792}.AppStore|ARM.Build.0 = Release|Any CPU
		{DB987A84-E0F0-47A4-B1D0-CE2EFCCE8792}.AppStore|ARM.Deploy.0 = Release|Any CPU
		{DB987A84-E0F0-47A4-B1D0-CE2EFCCE8792}.AppStore|iPhone.ActiveCfg = Release|Any CPU
		{DB987A84-E0F0-47A4-B1D0-CE2EFCCE8792}.AppStore|iPhone.Build.0 = Release|Any CPU
		{DB987A84-E0F0-47A4-B1D0-CE2EFCCE8792}.AppStore|iPhone.Deploy.0 = Release|Any CPU
		{DB987A84-E0F0-47A4-B1D0-CE2EFCCE8792}.AppStore|iPhoneSimulator.ActiveCfg = Release|Any CPU
		{DB987A84-E0F0-47A4-B1D0-CE2EFCCE8792}.AppStore|iPhoneSimulator.Build.0 = Release|Any CPU
		{DB987A84-E0F0-47A4-B1D0-CE2EFCCE8792}.AppStore|iPhoneSimulator.Deploy.0 = Release|Any CPU
		{DB987A84-E0F0-47A4-B1D0-CE2EFCCE8792}.AppStore|x64.ActiveCfg = Release|Any CPU
		{DB987A84-E0F0-47A4-B1D0-CE2EFCCE8792}.AppStore|x64.Build.0 = Release|Any CPU
		{DB987A84-E0F0-47A4-B1D0-CE2EFCCE8792}.AppStore|x64.Deploy.0 = Release|Any CPU
		{DB987A84-E0F0-47A4-B1D0-CE2EFCCE8792}.AppStore|x86.ActiveCfg = Release|Any CPU
		{DB987A84-E0F0-47A4-B1D0-CE2EFCCE8792}.AppStore|x86.Build.0 = Release|Any CPU
		{DB987A84-E0F0-47A4-B1D0-CE2EFCCE8792}.AppStore|x86.Deploy.0 = Release|Any CPU
		{DB987A84-E0F0-47A4-B1D0-CE2EFCCE8792}.Debug|Any CPU.ActiveCfg = Debug|Any CPU
		{DB987A84-E0F0-47A4-B1D0-CE2EFCCE8792}.Debug|Any CPU.Build.0 = Debug|Any CPU
		{DB987A84-E0F0-47A4-B1D0-CE2EFCCE8792}.Debug|Any CPU.Deploy.0 = Debug|Any CPU
		{DB987A84-E0F0-47A4-B1D0-CE2EFCCE8792}.Debug|ARM.ActiveCfg = Debug|Any CPU
		{DB987A84-E0F0-47A4-B1D0-CE2EFCCE8792}.Debug|ARM.Build.0 = Debug|Any CPU
		{DB987A84-E0F0-47A4-B1D0-CE2EFCCE8792}.Debug|ARM.Deploy.0 = Debug|Any CPU
		{DB987A84-E0F0-47A4-B1D0-CE2EFCCE8792}.Debug|iPhone.ActiveCfg = Debug|Any CPU
		{DB987A84-E0F0-47A4-B1D0-CE2EFCCE8792}.Debug|iPhone.Build.0 = Debug|Any CPU
		{DB987A84-E0F0-47A4-B1D0-CE2EFCCE8792}.Debug|iPhone.Deploy.0 = Debug|Any CPU
		{DB987A84-E0F0-47A4-B1D0-CE2EFCCE8792}.Debug|iPhoneSimulator.ActiveCfg = Debug|Any CPU
		{DB987A84-E0F0-47A4-B1D0-CE2EFCCE8792}.Debug|iPhoneSimulator.Build.0 = Debug|Any CPU
		{DB987A84-E0F0-47A4-B1D0-CE2EFCCE8792}.Debug|iPhoneSimulator.Deploy.0 = Debug|Any CPU
		{DB987A84-E0F0-47A4-B1D0-CE2EFCCE8792}.Debug|x64.ActiveCfg = Debug|Any CPU
		{DB987A84-E0F0-47A4-B1D0-CE2EFCCE8792}.Debug|x64.Build.0 = Debug|Any CPU
		{DB987A84-E0F0-47A4-B1D0-CE2EFCCE8792}.Debug|x64.Deploy.0 = Debug|Any CPU
		{DB987A84-E0F0-47A4-B1D0-CE2EFCCE8792}.Debug|x86.ActiveCfg = Debug|Any CPU
		{DB987A84-E0F0-47A4-B1D0-CE2EFCCE8792}.Debug|x86.Build.0 = Debug|Any CPU
		{DB987A84-E0F0-47A4-B1D0-CE2EFCCE8792}.Debug|x86.Deploy.0 = Debug|Any CPU
		{DB987A84-E0F0-47A4-B1D0-CE2EFCCE8792}.Release|Any CPU.ActiveCfg = Release|Any CPU
		{DB987A84-E0F0-47A4-B1D0-CE2EFCCE8792}.Release|Any CPU.Build.0 = Release|Any CPU
		{DB987A84-E0F0-47A4-B1D0-CE2EFCCE8792}.Release|Any CPU.Deploy.0 = Release|Any CPU
		{DB987A84-E0F0-47A4-B1D0-CE2EFCCE8792}.Release|ARM.ActiveCfg = Release|Any CPU
		{DB987A84-E0F0-47A4-B1D0-CE2EFCCE8792}.Release|ARM.Build.0 = Release|Any CPU
		{DB987A84-E0F0-47A4-B1D0-CE2EFCCE8792}.Release|ARM.Deploy.0 = Release|Any CPU
		{DB987A84-E0F0-47A4-B1D0-CE2EFCCE8792}.Release|iPhone.ActiveCfg = Release|Any CPU
		{DB987A84-E0F0-47A4-B1D0-CE2EFCCE8792}.Release|iPhone.Build.0 = Release|Any CPU
		{DB987A84-E0F0-47A4-B1D0-CE2EFCCE8792}.Release|iPhone.Deploy.0 = Release|Any CPU
		{DB987A84-E0F0-47A4-B1D0-CE2EFCCE8792}.Release|iPhoneSimulator.ActiveCfg = Release|Any CPU
		{DB987A84-E0F0-47A4-B1D0-CE2EFCCE8792}.Release|iPhoneSimulator.Build.0 = Release|Any CPU
		{DB987A84-E0F0-47A4-B1D0-CE2EFCCE8792}.Release|iPhoneSimulator.Deploy.0 = Release|Any CPU
		{DB987A84-E0F0-47A4-B1D0-CE2EFCCE8792}.Release|x64.ActiveCfg = Release|Any CPU
		{DB987A84-E0F0-47A4-B1D0-CE2EFCCE8792}.Release|x64.Build.0 = Release|Any CPU
		{DB987A84-E0F0-47A4-B1D0-CE2EFCCE8792}.Release|x64.Deploy.0 = Release|Any CPU
		{DB987A84-E0F0-47A4-B1D0-CE2EFCCE8792}.Release|x86.ActiveCfg = Release|Any CPU
		{DB987A84-E0F0-47A4-B1D0-CE2EFCCE8792}.Release|x86.Build.0 = Release|Any CPU
		{DB987A84-E0F0-47A4-B1D0-CE2EFCCE8792}.Release|x86.Deploy.0 = Release|Any CPU
		{BD08B372-175F-455F-91EE-8E6615F22EC3}.Ad-Hoc|Any CPU.ActiveCfg = Ad-Hoc|iPhone
		{BD08B372-175F-455F-91EE-8E6615F22EC3}.Ad-Hoc|Any CPU.Build.0 = Ad-Hoc|iPhone
		{BD08B372-175F-455F-91EE-8E6615F22EC3}.Ad-Hoc|Any CPU.Deploy.0 = Ad-Hoc|iPhone
		{BD08B372-175F-455F-91EE-8E6615F22EC3}.Ad-Hoc|ARM.ActiveCfg = Ad-Hoc|iPhone
		{BD08B372-175F-455F-91EE-8E6615F22EC3}.Ad-Hoc|ARM.Build.0 = Ad-Hoc|iPhone
		{BD08B372-175F-455F-91EE-8E6615F22EC3}.Ad-Hoc|ARM.Deploy.0 = Ad-Hoc|iPhone
		{BD08B372-175F-455F-91EE-8E6615F22EC3}.Ad-Hoc|iPhone.ActiveCfg = Ad-Hoc|iPhone
		{BD08B372-175F-455F-91EE-8E6615F22EC3}.Ad-Hoc|iPhone.Build.0 = Ad-Hoc|iPhone
		{BD08B372-175F-455F-91EE-8E6615F22EC3}.Ad-Hoc|iPhone.Deploy.0 = Ad-Hoc|iPhone
		{BD08B372-175F-455F-91EE-8E6615F22EC3}.Ad-Hoc|iPhoneSimulator.ActiveCfg = Ad-Hoc|iPhoneSimulator
		{BD08B372-175F-455F-91EE-8E6615F22EC3}.Ad-Hoc|iPhoneSimulator.Build.0 = Ad-Hoc|iPhoneSimulator
		{BD08B372-175F-455F-91EE-8E6615F22EC3}.Ad-Hoc|iPhoneSimulator.Deploy.0 = Ad-Hoc|iPhoneSimulator
		{BD08B372-175F-455F-91EE-8E6615F22EC3}.Ad-Hoc|x64.ActiveCfg = Ad-Hoc|iPhone
		{BD08B372-175F-455F-91EE-8E6615F22EC3}.Ad-Hoc|x64.Build.0 = Ad-Hoc|iPhone
		{BD08B372-175F-455F-91EE-8E6615F22EC3}.Ad-Hoc|x64.Deploy.0 = Ad-Hoc|iPhone
		{BD08B372-175F-455F-91EE-8E6615F22EC3}.Ad-Hoc|x86.ActiveCfg = Ad-Hoc|iPhone
		{BD08B372-175F-455F-91EE-8E6615F22EC3}.Ad-Hoc|x86.Build.0 = Ad-Hoc|iPhone
		{BD08B372-175F-455F-91EE-8E6615F22EC3}.Ad-Hoc|x86.Deploy.0 = Ad-Hoc|iPhone
		{BD08B372-175F-455F-91EE-8E6615F22EC3}.AppStore|Any CPU.ActiveCfg = AppStore|iPhone
		{BD08B372-175F-455F-91EE-8E6615F22EC3}.AppStore|Any CPU.Build.0 = AppStore|iPhone
		{BD08B372-175F-455F-91EE-8E6615F22EC3}.AppStore|Any CPU.Deploy.0 = AppStore|iPhone
		{BD08B372-175F-455F-91EE-8E6615F22EC3}.AppStore|ARM.ActiveCfg = AppStore|iPhone
		{BD08B372-175F-455F-91EE-8E6615F22EC3}.AppStore|ARM.Build.0 = AppStore|iPhone
		{BD08B372-175F-455F-91EE-8E6615F22EC3}.AppStore|ARM.Deploy.0 = AppStore|iPhone
		{BD08B372-175F-455F-91EE-8E6615F22EC3}.AppStore|iPhone.ActiveCfg = AppStore|iPhone
		{BD08B372-175F-455F-91EE-8E6615F22EC3}.AppStore|iPhone.Build.0 = AppStore|iPhone
		{BD08B372-175F-455F-91EE-8E6615F22EC3}.AppStore|iPhone.Deploy.0 = AppStore|iPhone
		{BD08B372-175F-455F-91EE-8E6615F22EC3}.AppStore|iPhoneSimulator.ActiveCfg = AppStore|iPhoneSimulator
		{BD08B372-175F-455F-91EE-8E6615F22EC3}.AppStore|iPhoneSimulator.Build.0 = AppStore|iPhoneSimulator
		{BD08B372-175F-455F-91EE-8E6615F22EC3}.AppStore|iPhoneSimulator.Deploy.0 = AppStore|iPhoneSimulator
		{BD08B372-175F-455F-91EE-8E6615F22EC3}.AppStore|x64.ActiveCfg = AppStore|iPhone
		{BD08B372-175F-455F-91EE-8E6615F22EC3}.AppStore|x64.Build.0 = AppStore|iPhone
		{BD08B372-175F-455F-91EE-8E6615F22EC3}.AppStore|x64.Deploy.0 = AppStore|iPhone
		{BD08B372-175F-455F-91EE-8E6615F22EC3}.AppStore|x86.ActiveCfg = AppStore|iPhone
		{BD08B372-175F-455F-91EE-8E6615F22EC3}.AppStore|x86.Build.0 = AppStore|iPhone
		{BD08B372-175F-455F-91EE-8E6615F22EC3}.AppStore|x86.Deploy.0 = AppStore|iPhone
		{BD08B372-175F-455F-91EE-8E6615F22EC3}.Debug|Any CPU.ActiveCfg = Debug|iPhoneSimulator
		{BD08B372-175F-455F-91EE-8E6615F22EC3}.Debug|Any CPU.Build.0 = Debug|iPhoneSimulator
		{BD08B372-175F-455F-91EE-8E6615F22EC3}.Debug|Any CPU.Deploy.0 = Debug|iPhoneSimulator
		{BD08B372-175F-455F-91EE-8E6615F22EC3}.Debug|ARM.ActiveCfg = Debug|iPhone
		{BD08B372-175F-455F-91EE-8E6615F22EC3}.Debug|ARM.Build.0 = Debug|iPhone
		{BD08B372-175F-455F-91EE-8E6615F22EC3}.Debug|ARM.Deploy.0 = Debug|iPhone
		{BD08B372-175F-455F-91EE-8E6615F22EC3}.Debug|iPhone.ActiveCfg = Debug|iPhone
		{BD08B372-175F-455F-91EE-8E6615F22EC3}.Debug|iPhone.Build.0 = Debug|iPhone
		{BD08B372-175F-455F-91EE-8E6615F22EC3}.Debug|iPhone.Deploy.0 = Debug|iPhone
		{BD08B372-175F-455F-91EE-8E6615F22EC3}.Debug|iPhoneSimulator.ActiveCfg = Debug|iPhoneSimulator
		{BD08B372-175F-455F-91EE-8E6615F22EC3}.Debug|iPhoneSimulator.Build.0 = Debug|iPhoneSimulator
		{BD08B372-175F-455F-91EE-8E6615F22EC3}.Debug|iPhoneSimulator.Deploy.0 = Debug|iPhoneSimulator
		{BD08B372-175F-455F-91EE-8E6615F22EC3}.Debug|x64.ActiveCfg = Debug|iPhone
		{BD08B372-175F-455F-91EE-8E6615F22EC3}.Debug|x64.Build.0 = Debug|iPhone
		{BD08B372-175F-455F-91EE-8E6615F22EC3}.Debug|x64.Deploy.0 = Debug|iPhone
		{BD08B372-175F-455F-91EE-8E6615F22EC3}.Debug|x86.ActiveCfg = Debug|iPhone
		{BD08B372-175F-455F-91EE-8E6615F22EC3}.Debug|x86.Build.0 = Debug|iPhone
		{BD08B372-175F-455F-91EE-8E6615F22EC3}.Debug|x86.Deploy.0 = Debug|iPhone
		{BD08B372-175F-455F-91EE-8E6615F22EC3}.Release|Any CPU.ActiveCfg = Release|iPhone
		{BD08B372-175F-455F-91EE-8E6615F22EC3}.Release|Any CPU.Build.0 = Release|iPhone
		{BD08B372-175F-455F-91EE-8E6615F22EC3}.Release|Any CPU.Deploy.0 = Release|iPhone
		{BD08B372-175F-455F-91EE-8E6615F22EC3}.Release|ARM.ActiveCfg = Release|iPhone
		{BD08B372-175F-455F-91EE-8E6615F22EC3}.Release|ARM.Build.0 = Release|iPhone
		{BD08B372-175F-455F-91EE-8E6615F22EC3}.Release|ARM.Deploy.0 = Release|iPhone
		{BD08B372-175F-455F-91EE-8E6615F22EC3}.Release|iPhone.ActiveCfg = Release|iPhone
		{BD08B372-175F-455F-91EE-8E6615F22EC3}.Release|iPhone.Build.0 = Release|iPhone
		{BD08B372-175F-455F-91EE-8E6615F22EC3}.Release|iPhone.Deploy.0 = Release|iPhone
		{BD08B372-175F-455F-91EE-8E6615F22EC3}.Release|iPhoneSimulator.ActiveCfg = Release|iPhoneSimulator
		{BD08B372-175F-455F-91EE-8E6615F22EC3}.Release|iPhoneSimulator.Build.0 = Release|iPhoneSimulator
		{BD08B372-175F-455F-91EE-8E6615F22EC3}.Release|iPhoneSimulator.Deploy.0 = Release|iPhoneSimulator
		{BD08B372-175F-455F-91EE-8E6615F22EC3}.Release|x64.ActiveCfg = Release|iPhone
		{BD08B372-175F-455F-91EE-8E6615F22EC3}.Release|x64.Build.0 = Release|iPhone
		{BD08B372-175F-455F-91EE-8E6615F22EC3}.Release|x64.Deploy.0 = Release|iPhone
		{BD08B372-175F-455F-91EE-8E6615F22EC3}.Release|x86.ActiveCfg = Release|iPhone
		{BD08B372-175F-455F-91EE-8E6615F22EC3}.Release|x86.Build.0 = Release|iPhone
		{BD08B372-175F-455F-91EE-8E6615F22EC3}.Release|x86.Deploy.0 = Release|iPhone
		{4BA9746C-2428-46BC-8F1D-75E7D07EF3B4}.Ad-Hoc|Any CPU.ActiveCfg = Release|x86
		{4BA9746C-2428-46BC-8F1D-75E7D07EF3B4}.Ad-Hoc|Any CPU.Build.0 = Release|x86
		{4BA9746C-2428-46BC-8F1D-75E7D07EF3B4}.Ad-Hoc|Any CPU.Deploy.0 = Release|x86
		{4BA9746C-2428-46BC-8F1D-75E7D07EF3B4}.Ad-Hoc|ARM.ActiveCfg = Release|ARM
		{4BA9746C-2428-46BC-8F1D-75E7D07EF3B4}.Ad-Hoc|ARM.Build.0 = Release|ARM
		{4BA9746C-2428-46BC-8F1D-75E7D07EF3B4}.Ad-Hoc|ARM.Deploy.0 = Release|ARM
		{4BA9746C-2428-46BC-8F1D-75E7D07EF3B4}.Ad-Hoc|iPhone.ActiveCfg = Release|x86
		{4BA9746C-2428-46BC-8F1D-75E7D07EF3B4}.Ad-Hoc|iPhone.Build.0 = Release|x86
		{4BA9746C-2428-46BC-8F1D-75E7D07EF3B4}.Ad-Hoc|iPhone.Deploy.0 = Release|x86
		{4BA9746C-2428-46BC-8F1D-75E7D07EF3B4}.Ad-Hoc|iPhoneSimulator.ActiveCfg = Release|x86
		{4BA9746C-2428-46BC-8F1D-75E7D07EF3B4}.Ad-Hoc|iPhoneSimulator.Build.0 = Release|x86
		{4BA9746C-2428-46BC-8F1D-75E7D07EF3B4}.Ad-Hoc|iPhoneSimulator.Deploy.0 = Release|x86
		{4BA9746C-2428-46BC-8F1D-75E7D07EF3B4}.Ad-Hoc|x64.ActiveCfg = Release|x64
		{4BA9746C-2428-46BC-8F1D-75E7D07EF3B4}.Ad-Hoc|x64.Build.0 = Release|x64
		{4BA9746C-2428-46BC-8F1D-75E7D07EF3B4}.Ad-Hoc|x64.Deploy.0 = Release|x64
		{4BA9746C-2428-46BC-8F1D-75E7D07EF3B4}.Ad-Hoc|x86.ActiveCfg = Release|x86
		{4BA9746C-2428-46BC-8F1D-75E7D07EF3B4}.Ad-Hoc|x86.Build.0 = Release|x86
		{4BA9746C-2428-46BC-8F1D-75E7D07EF3B4}.Ad-Hoc|x86.Deploy.0 = Release|x86
		{4BA9746C-2428-46BC-8F1D-75E7D07EF3B4}.AppStore|Any CPU.ActiveCfg = Release|x86
		{4BA9746C-2428-46BC-8F1D-75E7D07EF3B4}.AppStore|Any CPU.Build.0 = Release|x86
		{4BA9746C-2428-46BC-8F1D-75E7D07EF3B4}.AppStore|Any CPU.Deploy.0 = Release|x86
		{4BA9746C-2428-46BC-8F1D-75E7D07EF3B4}.AppStore|ARM.ActiveCfg = Release|ARM
		{4BA9746C-2428-46BC-8F1D-75E7D07EF3B4}.AppStore|ARM.Build.0 = Release|ARM
		{4BA9746C-2428-46BC-8F1D-75E7D07EF3B4}.AppStore|ARM.Deploy.0 = Release|ARM
		{4BA9746C-2428-46BC-8F1D-75E7D07EF3B4}.AppStore|iPhone.ActiveCfg = Release|x86
		{4BA9746C-2428-46BC-8F1D-75E7D07EF3B4}.AppStore|iPhone.Build.0 = Release|x86
		{4BA9746C-2428-46BC-8F1D-75E7D07EF3B4}.AppStore|iPhone.Deploy.0 = Release|x86
		{4BA9746C-2428-46BC-8F1D-75E7D07EF3B4}.AppStore|iPhoneSimulator.ActiveCfg = Release|x86
		{4BA9746C-2428-46BC-8F1D-75E7D07EF3B4}.AppStore|iPhoneSimulator.Build.0 = Release|x86
		{4BA9746C-2428-46BC-8F1D-75E7D07EF3B4}.AppStore|iPhoneSimulator.Deploy.0 = Release|x86
		{4BA9746C-2428-46BC-8F1D-75E7D07EF3B4}.AppStore|x64.ActiveCfg = Release|x64
		{4BA9746C-2428-46BC-8F1D-75E7D07EF3B4}.AppStore|x64.Build.0 = Release|x64
		{4BA9746C-2428-46BC-8F1D-75E7D07EF3B4}.AppStore|x64.Deploy.0 = Release|x64
		{4BA9746C-2428-46BC-8F1D-75E7D07EF3B4}.AppStore|x86.ActiveCfg = Release|x86
		{4BA9746C-2428-46BC-8F1D-75E7D07EF3B4}.AppStore|x86.Build.0 = Release|x86
		{4BA9746C-2428-46BC-8F1D-75E7D07EF3B4}.AppStore|x86.Deploy.0 = Release|x86
		{4BA9746C-2428-46BC-8F1D-75E7D07EF3B4}.Debug|Any CPU.ActiveCfg = Debug|x86
		{4BA9746C-2428-46BC-8F1D-75E7D07EF3B4}.Debug|Any CPU.Build.0 = Debug|x86
		{4BA9746C-2428-46BC-8F1D-75E7D07EF3B4}.Debug|Any CPU.Deploy.0 = Debug|x86
		{4BA9746C-2428-46BC-8F1D-75E7D07EF3B4}.Debug|ARM.ActiveCfg = Debug|ARM
		{4BA9746C-2428-46BC-8F1D-75E7D07EF3B4}.Debug|ARM.Build.0 = Debug|ARM
		{4BA9746C-2428-46BC-8F1D-75E7D07EF3B4}.Debug|ARM.Deploy.0 = Debug|ARM
		{4BA9746C-2428-46BC-8F1D-75E7D07EF3B4}.Debug|iPhone.ActiveCfg = Debug|x86
		{4BA9746C-2428-46BC-8F1D-75E7D07EF3B4}.Debug|iPhone.Build.0 = Debug|x86
		{4BA9746C-2428-46BC-8F1D-75E7D07EF3B4}.Debug|iPhone.Deploy.0 = Debug|x86
		{4BA9746C-2428-46BC-8F1D-75E7D07EF3B4}.Debug|iPhoneSimulator.ActiveCfg = Debug|x86
		{4BA9746C-2428-46BC-8F1D-75E7D07EF3B4}.Debug|iPhoneSimulator.Build.0 = Debug|x86
		{4BA9746C-2428-46BC-8F1D-75E7D07EF3B4}.Debug|iPhoneSimulator.Deploy.0 = Debug|x86
		{4BA9746C-2428-46BC-8F1D-75E7D07EF3B4}.Debug|x64.ActiveCfg = Debug|x64
		{4BA9746C-2428-46BC-8F1D-75E7D07EF3B4}.Debug|x64.Build.0 = Debug|x64
		{4BA9746C-2428-46BC-8F1D-75E7D07EF3B4}.Debug|x64.Deploy.0 = Debug|x64
		{4BA9746C-2428-46BC-8F1D-75E7D07EF3B4}.Debug|x86.ActiveCfg = Debug|x86
		{4BA9746C-2428-46BC-8F1D-75E7D07EF3B4}.Debug|x86.Build.0 = Debug|x86
		{4BA9746C-2428-46BC-8F1D-75E7D07EF3B4}.Debug|x86.Deploy.0 = Debug|x86
		{4BA9746C-2428-46BC-8F1D-75E7D07EF3B4}.Release|Any CPU.ActiveCfg = Release|x86
		{4BA9746C-2428-46BC-8F1D-75E7D07EF3B4}.Release|Any CPU.Build.0 = Release|x86
		{4BA9746C-2428-46BC-8F1D-75E7D07EF3B4}.Release|Any CPU.Deploy.0 = Release|x86
		{4BA9746C-2428-46BC-8F1D-75E7D07EF3B4}.Release|ARM.ActiveCfg = Release|ARM
		{4BA9746C-2428-46BC-8F1D-75E7D07EF3B4}.Release|ARM.Build.0 = Release|ARM
		{4BA9746C-2428-46BC-8F1D-75E7D07EF3B4}.Release|ARM.Deploy.0 = Release|ARM
		{4BA9746C-2428-46BC-8F1D-75E7D07EF3B4}.Release|iPhone.ActiveCfg = Release|x86
		{4BA9746C-2428-46BC-8F1D-75E7D07EF3B4}.Release|iPhone.Build.0 = Release|x86
		{4BA9746C-2428-46BC-8F1D-75E7D07EF3B4}.Release|iPhone.Deploy.0 = Release|x86
		{4BA9746C-2428-46BC-8F1D-75E7D07EF3B4}.Release|iPhoneSimulator.ActiveCfg = Release|x86
		{4BA9746C-2428-46BC-8F1D-75E7D07EF3B4}.Release|iPhoneSimulator.Build.0 = Release|x86
		{4BA9746C-2428-46BC-8F1D-75E7D07EF3B4}.Release|iPhoneSimulator.Deploy.0 = Release|x86
		{4BA9746C-2428-46BC-8F1D-75E7D07EF3B4}.Release|x64.ActiveCfg = Release|x64
		{4BA9746C-2428-46BC-8F1D-75E7D07EF3B4}.Release|x64.Build.0 = Release|x64
		{4BA9746C-2428-46BC-8F1D-75E7D07EF3B4}.Release|x64.Deploy.0 = Release|x64
		{4BA9746C-2428-46BC-8F1D-75E7D07EF3B4}.Release|x86.ActiveCfg = Release|x86
		{4BA9746C-2428-46BC-8F1D-75E7D07EF3B4}.Release|x86.Build.0 = Release|x86
		{4BA9746C-2428-46BC-8F1D-75E7D07EF3B4}.Release|x86.Deploy.0 = Release|x86
		{F6BCA48A-996A-4872-887F-467398F6E219}.Ad-Hoc|Any CPU.ActiveCfg = Debug|Any CPU
		{F6BCA48A-996A-4872-887F-467398F6E219}.Ad-Hoc|Any CPU.Build.0 = Debug|Any CPU
		{F6BCA48A-996A-4872-887F-467398F6E219}.Ad-Hoc|Any CPU.Deploy.0 = Debug|Any CPU
		{F6BCA48A-996A-4872-887F-467398F6E219}.Ad-Hoc|ARM.ActiveCfg = Debug|Any CPU
		{F6BCA48A-996A-4872-887F-467398F6E219}.Ad-Hoc|ARM.Build.0 = Debug|Any CPU
		{F6BCA48A-996A-4872-887F-467398F6E219}.Ad-Hoc|ARM.Deploy.0 = Debug|Any CPU
		{F6BCA48A-996A-4872-887F-467398F6E219}.Ad-Hoc|iPhone.ActiveCfg = Debug|Any CPU
		{F6BCA48A-996A-4872-887F-467398F6E219}.Ad-Hoc|iPhone.Build.0 = Debug|Any CPU
		{F6BCA48A-996A-4872-887F-467398F6E219}.Ad-Hoc|iPhone.Deploy.0 = Debug|Any CPU
		{F6BCA48A-996A-4872-887F-467398F6E219}.Ad-Hoc|iPhoneSimulator.ActiveCfg = Debug|Any CPU
		{F6BCA48A-996A-4872-887F-467398F6E219}.Ad-Hoc|iPhoneSimulator.Build.0 = Debug|Any CPU
		{F6BCA48A-996A-4872-887F-467398F6E219}.Ad-Hoc|iPhoneSimulator.Deploy.0 = Debug|Any CPU
		{F6BCA48A-996A-4872-887F-467398F6E219}.Ad-Hoc|x64.ActiveCfg = Debug|Any CPU
		{F6BCA48A-996A-4872-887F-467398F6E219}.Ad-Hoc|x64.Build.0 = Debug|Any CPU
		{F6BCA48A-996A-4872-887F-467398F6E219}.Ad-Hoc|x64.Deploy.0 = Debug|Any CPU
		{F6BCA48A-996A-4872-887F-467398F6E219}.Ad-Hoc|x86.ActiveCfg = Debug|Any CPU
		{F6BCA48A-996A-4872-887F-467398F6E219}.Ad-Hoc|x86.Build.0 = Debug|Any CPU
		{F6BCA48A-996A-4872-887F-467398F6E219}.Ad-Hoc|x86.Deploy.0 = Debug|Any CPU
		{F6BCA48A-996A-4872-887F-467398F6E219}.AppStore|Any CPU.ActiveCfg = Debug|Any CPU
		{F6BCA48A-996A-4872-887F-467398F6E219}.AppStore|Any CPU.Build.0 = Debug|Any CPU
		{F6BCA48A-996A-4872-887F-467398F6E219}.AppStore|Any CPU.Deploy.0 = Debug|Any CPU
		{F6BCA48A-996A-4872-887F-467398F6E219}.AppStore|ARM.ActiveCfg = Debug|Any CPU
		{F6BCA48A-996A-4872-887F-467398F6E219}.AppStore|ARM.Build.0 = Debug|Any CPU
		{F6BCA48A-996A-4872-887F-467398F6E219}.AppStore|ARM.Deploy.0 = Debug|Any CPU
		{F6BCA48A-996A-4872-887F-467398F6E219}.AppStore|iPhone.ActiveCfg = Debug|Any CPU
		{F6BCA48A-996A-4872-887F-467398F6E219}.AppStore|iPhone.Build.0 = Debug|Any CPU
		{F6BCA48A-996A-4872-887F-467398F6E219}.AppStore|iPhone.Deploy.0 = Debug|Any CPU
		{F6BCA48A-996A-4872-887F-467398F6E219}.AppStore|iPhoneSimulator.ActiveCfg = Debug|Any CPU
		{F6BCA48A-996A-4872-887F-467398F6E219}.AppStore|iPhoneSimulator.Build.0 = Debug|Any CPU
		{F6BCA48A-996A-4872-887F-467398F6E219}.AppStore|iPhoneSimulator.Deploy.0 = Debug|Any CPU
		{F6BCA48A-996A-4872-887F-467398F6E219}.AppStore|x64.ActiveCfg = Debug|Any CPU
		{F6BCA48A-996A-4872-887F-467398F6E219}.AppStore|x64.Build.0 = Debug|Any CPU
		{F6BCA48A-996A-4872-887F-467398F6E219}.AppStore|x64.Deploy.0 = Debug|Any CPU
		{F6BCA48A-996A-4872-887F-467398F6E219}.AppStore|x86.ActiveCfg = Debug|Any CPU
		{F6BCA48A-996A-4872-887F-467398F6E219}.AppStore|x86.Build.0 = Debug|Any CPU
		{F6BCA48A-996A-4872-887F-467398F6E219}.AppStore|x86.Deploy.0 = Debug|Any CPU
		{F6BCA48A-996A-4872-887F-467398F6E219}.Debug|Any CPU.ActiveCfg = Debug|Any CPU
		{F6BCA48A-996A-4872-887F-467398F6E219}.Debug|Any CPU.Build.0 = Debug|Any CPU
		{F6BCA48A-996A-4872-887F-467398F6E219}.Debug|Any CPU.Deploy.0 = Debug|Any CPU
		{F6BCA48A-996A-4872-887F-467398F6E219}.Debug|ARM.ActiveCfg = Debug|Any CPU
		{F6BCA48A-996A-4872-887F-467398F6E219}.Debug|ARM.Build.0 = Debug|Any CPU
		{F6BCA48A-996A-4872-887F-467398F6E219}.Debug|ARM.Deploy.0 = Debug|Any CPU
		{F6BCA48A-996A-4872-887F-467398F6E219}.Debug|iPhone.ActiveCfg = Debug|Any CPU
		{F6BCA48A-996A-4872-887F-467398F6E219}.Debug|iPhone.Build.0 = Debug|Any CPU
		{F6BCA48A-996A-4872-887F-467398F6E219}.Debug|iPhone.Deploy.0 = Debug|Any CPU
		{F6BCA48A-996A-4872-887F-467398F6E219}.Debug|iPhoneSimulator.ActiveCfg = Debug|Any CPU
		{F6BCA48A-996A-4872-887F-467398F6E219}.Debug|iPhoneSimulator.Build.0 = Debug|Any CPU
		{F6BCA48A-996A-4872-887F-467398F6E219}.Debug|iPhoneSimulator.Deploy.0 = Debug|Any CPU
		{F6BCA48A-996A-4872-887F-467398F6E219}.Debug|x64.ActiveCfg = Debug|Any CPU
		{F6BCA48A-996A-4872-887F-467398F6E219}.Debug|x64.Build.0 = Debug|Any CPU
		{F6BCA48A-996A-4872-887F-467398F6E219}.Debug|x64.Deploy.0 = Debug|Any CPU
		{F6BCA48A-996A-4872-887F-467398F6E219}.Debug|x86.ActiveCfg = Debug|Any CPU
		{F6BCA48A-996A-4872-887F-467398F6E219}.Debug|x86.Build.0 = Debug|Any CPU
		{F6BCA48A-996A-4872-887F-467398F6E219}.Debug|x86.Deploy.0 = Debug|Any CPU
		{F6BCA48A-996A-4872-887F-467398F6E219}.Release|Any CPU.ActiveCfg = Release|Any CPU
		{F6BCA48A-996A-4872-887F-467398F6E219}.Release|Any CPU.Build.0 = Release|Any CPU
		{F6BCA48A-996A-4872-887F-467398F6E219}.Release|Any CPU.Deploy.0 = Release|Any CPU
		{F6BCA48A-996A-4872-887F-467398F6E219}.Release|ARM.ActiveCfg = Release|Any CPU
		{F6BCA48A-996A-4872-887F-467398F6E219}.Release|ARM.Build.0 = Release|Any CPU
		{F6BCA48A-996A-4872-887F-467398F6E219}.Release|ARM.Deploy.0 = Release|Any CPU
		{F6BCA48A-996A-4872-887F-467398F6E219}.Release|iPhone.ActiveCfg = Release|Any CPU
		{F6BCA48A-996A-4872-887F-467398F6E219}.Release|iPhone.Build.0 = Release|Any CPU
		{F6BCA48A-996A-4872-887F-467398F6E219}.Release|iPhone.Deploy.0 = Release|Any CPU
		{F6BCA48A-996A-4872-887F-467398F6E219}.Release|iPhoneSimulator.ActiveCfg = Release|Any CPU
		{F6BCA48A-996A-4872-887F-467398F6E219}.Release|iPhoneSimulator.Build.0 = Release|Any CPU
		{F6BCA48A-996A-4872-887F-467398F6E219}.Release|iPhoneSimulator.Deploy.0 = Release|Any CPU
		{F6BCA48A-996A-4872-887F-467398F6E219}.Release|x64.ActiveCfg = Release|Any CPU
		{F6BCA48A-996A-4872-887F-467398F6E219}.Release|x64.Build.0 = Release|Any CPU
		{F6BCA48A-996A-4872-887F-467398F6E219}.Release|x64.Deploy.0 = Release|Any CPU
		{F6BCA48A-996A-4872-887F-467398F6E219}.Release|x86.ActiveCfg = Release|Any CPU
		{F6BCA48A-996A-4872-887F-467398F6E219}.Release|x86.Build.0 = Release|Any CPU
		{F6BCA48A-996A-4872-887F-467398F6E219}.Release|x86.Deploy.0 = Release|Any CPU
	EndGlobalSection
	GlobalSection(SolutionProperties) = preSolution
		HideSolutionNode = FALSE
	EndGlobalSection
	GlobalSection(ExtensibilityGlobals) = postSolution
		SolutionGuid = {BE04CCE0-764F-4938-92DF-53B029EDC05A}
	EndGlobalSection
EndGlobal
